
Microsoft Visual Studio Solution File, Format Version 12.00
# Visual Studio Version 17
VisualStudioVersion = 17.13.35825.156 d17.13
MinimumVisualStudioVersion = 10.0.40219.1
Project("{FAE04EC0-301F-11D3-BF4B-00C04F79EFBC}") = "CSharp-basic-Project1-CleanArch_Calculator", "CSharp-basic-Project1-CleanArch_Calculator\CSharp-basic-Project1-CleanArch_Calculator.csproj", "{78780F17-68EE-4DA7-A21A-C9A1E79046A9}"
EndProject
Global
	GlobalSection(SolutionConfigurationPlatforms) = preSolution
		Debug|Any CPU = Debug|Any CPU
		Release|Any CPU = Release|Any CPU
	EndGlobalSection
	GlobalSection(ProjectConfigurationPlatforms) = postSolution
		{78780F17-68EE-4DA7-A21A-C9A1E79046A9}.Debug|Any CPU.ActiveCfg = Debug|Any CPU
		{78780F17-68EE-4DA7-A21A-C9A1E79046A9}.Debug|Any CPU.Build.0 = Debug|Any CPU
		{78780F17-68EE-4DA7-A21A-C9A1E79046A9}.Release|Any CPU.ActiveCfg = Release|Any CPU
		{78780F17-68EE-4DA7-A21A-C9A1E79046A9}.Release|Any CPU.Build.0 = Release|Any CPU
	EndGlobalSection
	GlobalSection(SolutionProperties) = preSolution
		HideSolutionNode = FALSE
	EndGlobalSection
	GlobalSection(ExtensibilityGlobals) = postSolution
		SolutionGuid = {2690A8F0-FC9B-477D-9630-02D2ECE03D4C}
	EndGlobalSection
EndGlobal
